// !$*UTF8*$!
{
	archiveVersion = 1;
	classes = {
	};
	objectVersion = 46;
	objects = {

/* Begin PBXBuildFile section */
		8ADDF6F51A6CAD4C000990E4 /* ZMBNetworkController.m in Sources */ = {isa = PBXBuildFile; fileRef = 8ADDF6F41A6CAD4C000990E4 /* ZMBNetworkController.m */; };
		8ADDF6F81A6CB04F000990E4 /* ZMBWeatherModel.m in Sources */ = {isa = PBXBuildFile; fileRef = 8ADDF6F71A6CB04F000990E4 /* ZMBWeatherModel.m */; };
		8ADDF6FB1A6CD1BA000990E4 /* ZMBTabBarController.m in Sources */ = {isa = PBXBuildFile; fileRef = 8ADDF6FA1A6CD1BA000990E4 /* ZMBTabBarController.m */; };
		8AFE84AB1A69CF3D00FC8521 /* main.m in Sources */ = {isa = PBXBuildFile; fileRef = 8AFE84AA1A69CF3D00FC8521 /* main.m */; };
		8AFE84AE1A69CF3D00FC8521 /* AppDelegate.m in Sources */ = {isa = PBXBuildFile; fileRef = 8AFE84AD1A69CF3D00FC8521 /* AppDelegate.m */; };
		8AFE84B11A69CF3D00FC8521 /* FirstViewController.m in Sources */ = {isa = PBXBuildFile; fileRef = 8AFE84B01A69CF3D00FC8521 /* FirstViewController.m */; };
		8AFE84B41A69CF3D00FC8521 /* SecondViewController.m in Sources */ = {isa = PBXBuildFile; fileRef = 8AFE84B31A69CF3D00FC8521 /* SecondViewController.m */; };
		8AFE84B71A69CF3D00FC8521 /* Main.storyboard in Resources */ = {isa = PBXBuildFile; fileRef = 8AFE84B51A69CF3D00FC8521 /* Main.storyboard */; };
		8AFE84B91A69CF3D00FC8521 /* Images.xcassets in Resources */ = {isa = PBXBuildFile; fileRef = 8AFE84B81A69CF3D00FC8521 /* Images.xcassets */; };
		8AFE84BC1A69CF3D00FC8521 /* LaunchScreen.xib in Resources */ = {isa = PBXBuildFile; fileRef = 8AFE84BA1A69CF3D00FC8521 /* LaunchScreen.xib */; };
		8AFE84C81A69CF3E00FC8521 /* VictoriousWeatherTests.m in Sources */ = {isa = PBXBuildFile; fileRef = 8AFE84C71A69CF3E00FC8521 /* VictoriousWeatherTests.m */; };
/* End PBXBuildFile section */

/* Begin PBXContainerItemProxy section */
		8AFE84C21A69CF3E00FC8521 /* PBXContainerItemProxy */ = {
			isa = PBXContainerItemProxy;
			containerPortal = 8AFE849D1A69CF3D00FC8521 /* Project object */;
			proxyType = 1;
			remoteGlobalIDString = 8AFE84A41A69CF3D00FC8521;
			remoteInfo = VictoriousWeather;
		};
/* End PBXContainerItemProxy section */

/* Begin PBXFileReference section */
		8ADDF6F31A6CAD4C000990E4 /* ZMBNetworkController.h */ = {isa = PBXFileReference; fileEncoding = 4; lastKnownFileType = sourcecode.c.h; path = ZMBNetworkController.h; sourceTree = "<group>"; };
		8ADDF6F41A6CAD4C000990E4 /* ZMBNetworkController.m */ = {isa = PBXFileReference; fileEncoding = 4; lastKnownFileType = sourcecode.c.objc; path = ZMBNetworkController.m; sourceTree = "<group>"; };
		8ADDF6F61A6CB04F000990E4 /* ZMBWeatherModel.h */ = {isa = PBXFileReference; fileEncoding = 4; lastKnownFileType = sourcecode.c.h; path = ZMBWeatherModel.h; sourceTree = "<group>"; };
		8ADDF6F71A6CB04F000990E4 /* ZMBWeatherModel.m */ = {isa = PBXFileReference; fileEncoding = 4; lastKnownFileType = sourcecode.c.objc; path = ZMBWeatherModel.m; sourceTree = "<group>"; };
		8ADDF6F91A6CD1BA000990E4 /* ZMBTabBarController.h */ = {isa = PBXFileReference; fileEncoding = 4; lastKnownFileType = sourcecode.c.h; path = ZMBTabBarController.h; sourceTree = "<group>"; };
		8ADDF6FA1A6CD1BA000990E4 /* ZMBTabBarController.m */ = {isa = PBXFileReference; fileEncoding = 4; lastKnownFileType = sourcecode.c.objc; path = ZMBTabBarController.m; sourceTree = "<group>"; };
		8AFE84A51A69CF3D00FC8521 /* VictoriousWeather.app */ = {isa = PBXFileReference; explicitFileType = wrapper.application; includeInIndex = 0; path = VictoriousWeather.app; sourceTree = BUILT_PRODUCTS_DIR; };
		8AFE84A91A69CF3D00FC8521 /* Info.plist */ = {isa = PBXFileReference; lastKnownFileType = text.plist.xml; path = Info.plist; sourceTree = "<group>"; };
		8AFE84AA1A69CF3D00FC8521 /* main.m */ = {isa = PBXFileReference; lastKnownFileType = sourcecode.c.objc; path = main.m; sourceTree = "<group>"; };
		8AFE84AC1A69CF3D00FC8521 /* AppDelegate.h */ = {isa = PBXFileReference; lastKnownFileType = sourcecode.c.h; path = AppDelegate.h; sourceTree = "<group>"; };
		8AFE84AD1A69CF3D00FC8521 /* AppDelegate.m */ = {isa = PBXFileReference; lastKnownFileType = sourcecode.c.objc; path = AppDelegate.m; sourceTree = "<group>"; };
		8AFE84AF1A69CF3D00FC8521 /* FirstViewController.h */ = {isa = PBXFileReference; lastKnownFileType = sourcecode.c.h; path = FirstViewController.h; sourceTree = "<group>"; };
		8AFE84B01A69CF3D00FC8521 /* FirstViewController.m */ = {isa = PBXFileReference; lastKnownFileType = sourcecode.c.objc; path = FirstViewController.m; sourceTree = "<group>"; };
		8AFE84B21A69CF3D00FC8521 /* SecondViewController.h */ = {isa = PBXFileReference; lastKnownFileType = sourcecode.c.h; path = SecondViewController.h; sourceTree = "<group>"; };
		8AFE84B31A69CF3D00FC8521 /* SecondViewController.m */ = {isa = PBXFileReference; lastKnownFileType = sourcecode.c.objc; path = SecondViewController.m; sourceTree = "<group>"; };
		8AFE84B61A69CF3D00FC8521 /* Base */ = {isa = PBXFileReference; lastKnownFileType = file.storyboard; name = Base; path = Base.lproj/Main.storyboard; sourceTree = "<group>"; };
		8AFE84B81A69CF3D00FC8521 /* Images.xcassets */ = {isa = PBXFileReference; lastKnownFileType = folder.assetcatalog; path = Images.xcassets; sourceTree = "<group>"; };
		8AFE84BB1A69CF3D00FC8521 /* Base */ = {isa = PBXFileReference; lastKnownFileType = file.xib; name = Base; path = Base.lproj/LaunchScreen.xib; sourceTree = "<group>"; };
		8AFE84C11A69CF3E00FC8521 /* VictoriousWeatherTests.xctest */ = {isa = PBXFileReference; explicitFileType = wrapper.cfbundle; includeInIndex = 0; path = VictoriousWeatherTests.xctest; sourceTree = BUILT_PRODUCTS_DIR; };
		8AFE84C61A69CF3E00FC8521 /* Info.plist */ = {isa = PBXFileReference; lastKnownFileType = text.plist.xml; path = Info.plist; sourceTree = "<group>"; };
		8AFE84C71A69CF3E00FC8521 /* VictoriousWeatherTests.m */ = {isa = PBXFileReference; lastKnownFileType = sourcecode.c.objc; path = VictoriousWeatherTests.m; sourceTree = "<group>"; };
/* End PBXFileReference section */

/* Begin PBXFrameworksBuildPhase section */
		8AFE84A21A69CF3D00FC8521 /* Frameworks */ = {
			isa = PBXFrameworksBuildPhase;
			buildActionMask = 2147483647;
			files = (
			);
			runOnlyForDeploymentPostprocessing = 0;
		};
		8AFE84BE1A69CF3E00FC8521 /* Frameworks */ = {
			isa = PBXFrameworksBuildPhase;
			buildActionMask = 2147483647;
			files = (
			);
			runOnlyForDeploymentPostprocessing = 0;
		};
/* End PBXFrameworksBuildPhase section */

/* Begin PBXGroup section */
		8AFE849C1A69CF3D00FC8521 = {
			isa = PBXGroup;
			children = (
				8AFE84A71A69CF3D00FC8521 /* VictoriousWeather */,
				8AFE84C41A69CF3E00FC8521 /* VictoriousWeatherTests */,
				8AFE84A61A69CF3D00FC8521 /* Products */,
			);
			sourceTree = "<group>";
		};
		8AFE84A61A69CF3D00FC8521 /* Products */ = {
			isa = PBXGroup;
			children = (
				8AFE84A51A69CF3D00FC8521 /* VictoriousWeather.app */,
				8AFE84C11A69CF3E00FC8521 /* VictoriousWeatherTests.xctest */,
			);
			name = Products;
			sourceTree = "<group>";
		};
		8AFE84A71A69CF3D00FC8521 /* VictoriousWeather */ = {
			isa = PBXGroup;
			children = (
				8AFE84AC1A69CF3D00FC8521 /* AppDelegate.h */,
				8AFE84AD1A69CF3D00FC8521 /* AppDelegate.m */,
				8ADDF6F91A6CD1BA000990E4 /* ZMBTabBarController.h */,
				8ADDF6FA1A6CD1BA000990E4 /* ZMBTabBarController.m */,
				8AFE84AF1A69CF3D00FC8521 /* FirstViewController.h */,
				8AFE84B01A69CF3D00FC8521 /* FirstViewController.m */,
				8AFE84B21A69CF3D00FC8521 /* SecondViewController.h */,
				8AFE84B31A69CF3D00FC8521 /* SecondViewController.m */,
				8ADDF6F31A6CAD4C000990E4 /* ZMBNetworkController.h */,
				8ADDF6F41A6CAD4C000990E4 /* ZMBNetworkController.m */,
				8ADDF6F61A6CB04F000990E4 /* ZMBWeatherModel.h */,
				8ADDF6F71A6CB04F000990E4 /* ZMBWeatherModel.m */,
				8AFE84B51A69CF3D00FC8521 /* Main.storyboard */,
				8AFE84B81A69CF3D00FC8521 /* Images.xcassets */,
				8AFE84BA1A69CF3D00FC8521 /* LaunchScreen.xib */,
				8AFE84A81A69CF3D00FC8521 /* Supporting Files */,
			);
			path = VictoriousWeather;
			sourceTree = "<group>";
		};
		8AFE84A81A69CF3D00FC8521 /* Supporting Files */ = {
			isa = PBXGroup;
			children = (
				8AFE84A91A69CF3D00FC8521 /* Info.plist */,
				8AFE84AA1A69CF3D00FC8521 /* main.m */,
			);
			name = "Supporting Files";
			sourceTree = "<group>";
		};
		8AFE84C41A69CF3E00FC8521 /* VictoriousWeatherTests */ = {
			isa = PBXGroup;
			children = (
				8AFE84C71A69CF3E00FC8521 /* VictoriousWeatherTests.m */,
				8AFE84C51A69CF3E00FC8521 /* Supporting Files */,
			);
			path = VictoriousWeatherTests;
			sourceTree = "<group>";
		};
		8AFE84C51A69CF3E00FC8521 /* Supporting Files */ = {
			isa = PBXGroup;
			children = (
				8AFE84C61A69CF3E00FC8521 /* Info.plist */,
			);
			name = "Supporting Files";
			sourceTree = "<group>";
		};
/* End PBXGroup section */

/* Begin PBXNativeTarget section */
		8AFE84A41A69CF3D00FC8521 /* VictoriousWeather */ = {
			isa = PBXNativeTarget;
			buildConfigurationList = 8AFE84CB1A69CF3E00FC8521 /* Build configuration list for PBXNativeTarget "VictoriousWeather" */;
			buildPhases = (
				8AFE84A11A69CF3D00FC8521 /* Sources */,
				8AFE84A21A69CF3D00FC8521 /* Frameworks */,
				8AFE84A31A69CF3D00FC8521 /* Resources */,
			);
			buildRules = (
			);
			dependencies = (
			);
			name = VictoriousWeather;
			productName = VictoriousWeather;
			productReference = 8AFE84A51A69CF3D00FC8521 /* VictoriousWeather.app */;
			productType = "com.apple.product-type.application";
		};
		8AFE84C01A69CF3E00FC8521 /* VictoriousWeatherTests */ = {
			isa = PBXNativeTarget;
			buildConfigurationList = 8AFE84CE1A69CF3E00FC8521 /* Build configuration list for PBXNativeTarget "VictoriousWeatherTests" */;
			buildPhases = (
				8AFE84BD1A69CF3E00FC8521 /* Sources */,
				8AFE84BE1A69CF3E00FC8521 /* Frameworks */,
				8AFE84BF1A69CF3E00FC8521 /* Resources */,
			);
			buildRules = (
			);
			dependencies = (
				8AFE84C31A69CF3E00FC8521 /* PBXTargetDependency */,
			);
			name = VictoriousWeatherTests;
			productName = VictoriousWeatherTests;
			productReference = 8AFE84C11A69CF3E00FC8521 /* VictoriousWeatherTests.xctest */;
			productType = "com.apple.product-type.bundle.unit-test";
		};
/* End PBXNativeTarget section */

/* Begin PBXProject section */
		8AFE849D1A69CF3D00FC8521 /* Project object */ = {
			isa = PBXProject;
			attributes = {
				LastUpgradeCheck = 0610;
				ORGANIZATIONNAME = "Zuri Biringer";
				TargetAttributes = {
					8AFE84A41A69CF3D00FC8521 = {
						CreatedOnToolsVersion = 6.1.1;
					};
					8AFE84C01A69CF3E00FC8521 = {
						CreatedOnToolsVersion = 6.1.1;
						TestTargetID = 8AFE84A41A69CF3D00FC8521;
					};
				};
			};
			buildConfigurationList = 8AFE84A01A69CF3D00FC8521 /* Build configuration list for PBXProject "VictoriousWeather" */;
			compatibilityVersion = "Xcode 3.2";
			developmentRegion = English;
			hasScannedForEncodings = 0;
			knownRegions = (
				en,
				Base,
			);
			mainGroup = 8AFE849C1A69CF3D00FC8521;
			productRefGroup = 8AFE84A61A69CF3D00FC8521 /* Products */;
			projectDirPath = "";
			projectRoot = "";
			targets = (
				8AFE84A41A69CF3D00FC8521 /* VictoriousWeather */,
				8AFE84C01A69CF3E00FC8521 /* VictoriousWeatherTests */,
			);
		};
/* End PBXProject section */

/* Begin PBXResourcesBuildPhase section */
		8AFE84A31A69CF3D00FC8521 /* Resources */ = {
			isa = PBXResourcesBuildPhase;
			buildActionMask = 2147483647;
			files = (
				8AFE84B71A69CF3D00FC8521 /* Main.storyboard in Resources */,
				8AFE84BC1A69CF3D00FC8521 /* LaunchScreen.xib in Resources */,
				8AFE84B91A69CF3D00FC8521 /* Images.xcassets in Resources */,
			);
			runOnlyForDeploymentPostprocessing = 0;
		};
		8AFE84BF1A69CF3E00FC8521 /* Resources */ = {
			isa = PBXResourcesBuildPhase;
			buildActionMask = 2147483647;
			files = (
			);
			runOnlyForDeploymentPostprocessing = 0;
		};
/* End PBXResourcesBuildPhase section */

/* Begin PBXSourcesBuildPhase section */
		8AFE84A11A69CF3D00FC8521 /* Sources */ = {
			isa = PBXSourcesBuildPhase;
			buildActionMask = 2147483647;
			files = (
				8AFE84B41A69CF3D00FC8521 /* SecondViewController.m in Sources */,
				8AFE84AE1A69CF3D00FC8521 /* AppDelegate.m in Sources */,
				8AFE84B11A69CF3D00FC8521 /* FirstViewController.m in Sources */,
				8ADDF6F51A6CAD4C000990E4 /* ZMBNetworkController.m in Sources */,
				8ADDF6F81A6CB04F000990E4 /* ZMBWeatherModel.m in Sources */,
				8ADDF6FB1A6CD1BA000990E4 /* ZMBTabBarController.m in Sources */,
				8AFE84AB1A69CF3D00FC8521 /* main.m in Sources */,
			);
			runOnlyForDeploymentPostprocessing = 0;
		};
		8AFE84BD1A69CF3E00FC8521 /* Sources */ = {
			isa = PBXSourcesBuildPhase;
			buildActionMask = 2147483647;
			files = (
				8AFE84C81A69CF3E00FC8521 /* VictoriousWeatherTests.m in Sources */,
			);
			runOnlyForDeploymentPostprocessing = 0;
		};
/* End PBXSourcesBuildPhase section */

/* Begin PBXTargetDependency section */
		8AFE84C31A69CF3E00FC8521 /* PBXTargetDependency */ = {
			isa = PBXTargetDependency;
			target = 8AFE84A41A69CF3D00FC8521 /* VictoriousWeather */;
			targetProxy = 8AFE84C21A69CF3E00FC8521 /* PBXContainerItemProxy */;
		};
/* End PBXTargetDependency section */

/* Begin PBXVariantGroup section */
		8AFE84B51A69CF3D00FC8521 /* Main.storyboard */ = {
			isa = PBXVariantGroup;
			children = (
				8AFE84B61A69CF3D00FC8521 /* Base */,
			);
			name = Main.storyboard;
			sourceTree = "<group>";
		};
		8AFE84BA1A69CF3D00FC8521 /* LaunchScreen.xib */ = {
			isa = PBXVariantGroup;
			children = (
				8AFE84BB1A69CF3D00FC8521 /* Base */,
			);
			name = LaunchScreen.xib;
			sourceTree = "<group>";
		};
/* End PBXVariantGroup section */

/* Begin XCBuildConfiguration section */
		8AFE84C91A69CF3E00FC8521 /* Debug */ = {
			isa = XCBuildConfiguration;
			buildSettings = {
				ALWAYS_SEARCH_USER_PATHS = NO;
				CLANG_CXX_LANGUAGE_STANDARD = "gnu++0x";
				CLANG_CXX_LIBRARY = "libc++";
				CLANG_ENABLE_MODULES = YES;
				CLANG_ENABLE_OBJC_ARC = YES;
				CLANG_WARN_BOOL_CONVERSION = YES;
				CLANG_WARN_CONSTANT_CONVERSION = YES;
				CLANG_WARN_DIRECT_OBJC_ISA_USAGE = YES_ERROR;
				CLANG_WARN_EMPTY_BODY = YES;
				CLANG_WARN_ENUM_CONVERSION = YES;
				CLANG_WARN_INT_CONVERSION = YES;
				CLANG_WARN_OBJC_ROOT_CLASS = YES_ERROR;
				CLANG_WARN_UNREACHABLE_CODE = YES;
				CLANG_WARN__DUPLICATE_METHOD_MATCH = YES;
				"CODE_SIGN_IDENTITY[sdk=iphoneos*]" = "iPhone Developer";
				COPY_PHASE_STRIP = NO;
				ENABLE_STRICT_OBJC_MSGSEND = YES;
				GCC_C_LANGUAGE_STANDARD = gnu99;
				GCC_DYNAMIC_NO_PIC = NO;
				GCC_OPTIMIZATION_LEVEL = 0;
				GCC_PREPROCESSOR_DEFINITIONS = (
					"DEBUG=1",
					"$(inherited)",
				);
				GCC_SYMBOLS_PRIVATE_EXTERN = NO;
				GCC_WARN_64_TO_32_BIT_CONVERSION = YES;
				GCC_WARN_ABOUT_RETURN_TYPE = YES_ERROR;
				GCC_WARN_UNDECLARED_SELECTOR = YES;
				GCC_WARN_UNINITIALIZED_AUTOS = YES_AGGRESSIVE;
				GCC_WARN_UNUSED_FUNCTION = YES;
				GCC_WARN_UNUSED_VARIABLE = YES;
				IPHONEOS_DEPLOYMENT_TARGET = 7.0;
				MTL_ENABLE_DEBUG_INFO = YES;
				ONLY_ACTIVE_ARCH = YES;
				SDKROOT = iphoneos;
				TARGETED_DEVICE_FAMILY = "1,2";
			};
			name = Debug;
		};
		8AFE84CA1A69CF3E00FC8521 /* Release */ = {
			isa = XCBuildConfiguration;
			buildSettings = {
				ALWAYS_SEARCH_USER_PATHS = NO;
				CLANG_CXX_LANGUAGE_STANDARD = "gnu++0x";
				CLANG_CXX_LIBRARY = "libc++";
				CLANG_ENABLE_MODULES = YES;
				CLANG_ENABLE_OBJC_ARC = YES;
				CLANG_WARN_BOOL_CONVERSION = YES;
				CLANG_WARN_CONSTANT_CONVERSION = YES;
				CLANG_WARN_DIRECT_OBJC_ISA_USAGE = YES_ERROR;
				CLANG_WARN_EMPTY_BODY = YES;
				CLANG_WARN_ENUM_CONVERSION = YES;
				CLANG_WARN_INT_CONVERSION = YES;
				CLANG_WARN_OBJC_ROOT_CLASS = YES_ERROR;
				CLANG_WARN_UNREACHABLE_CODE = YES;
				CLANG_WARN__DUPLICATE_METHOD_MATCH = YES;
				"CODE_SIGN_IDENTITY[sdk=iphoneos*]" = "iPhone Developer";
				COPY_PHASE_STRIP = YES;
				ENABLE_NS_ASSERTIONS = NO;
				ENABLE_STRICT_OBJC_MSGSEND = YES;
				GCC_C_LANGUAGE_STANDARD = gnu99;
				GCC_WARN_64_TO_32_BIT_CONVERSION = YES;
				GCC_WARN_ABOUT_RETURN_TYPE = YES_ERROR;
				GCC_WARN_UNDECLARED_SELECTOR = YES;
				GCC_WARN_UNINITIALIZED_AUTOS = YES_AGGRESSIVE;
				GCC_WARN_UNUSED_FUNCTION = YES;
				GCC_WARN_UNUSED_VARIABLE = YES;
				IPHONEOS_DEPLOYMENT_TARGET = 7.0;
				MTL_ENABLE_DEBUG_INFO = NO;
				SDKROOT = iphoneos;
				TARGETED_DEVICE_FAMILY = "1,2";
				VALIDATE_PRODUCT = YES;
			};
			name = Release;
		};
		8AFE84CC1A69CF3E00FC8521 /* Debug */ = {
			isa = XCBuildConfiguration;
			buildSettings = {
				ASSETCATALOG_COMPILER_APPICON_NAME = AppIcon;
				GCC_TREAT_WARNINGS_AS_ERRORS = NO;
				INFOPLIST_FILE = VictoriousWeather/Info.plist;
				IPHONEOS_DEPLOYMENT_TARGET = 7.0;
				LD_RUNPATH_SEARCH_PATHS = "$(inherited) @executable_path/Frameworks";
				PRODUCT_NAME = "$(TARGET_NAME)";
				TARGETED_DEVICE_FAMILY = "1,2";
			};
			name = Debug;
		};
		8AFE84CD1A69CF3E00FC8521 /* Release */ = {
			isa = XCBuildConfiguration;
			buildSettings = {
				ASSETCATALOG_COMPILER_APPICON_NAME = AppIcon;
				GCC_TREAT_WARNINGS_AS_ERRORS = NO;
				INFOPLIST_FILE = VictoriousWeather/Info.plist;
				IPHONEOS_DEPLOYMENT_TARGET = 7.0;
				LD_RUNPATH_SEARCH_PATHS = "$(inherited) @executable_path/Frameworks";
				PRODUCT_NAME = "$(TARGET_NAME)";
				TARGETED_DEVICE_FAMILY = "1,2";
			};
			name = Release;
		};
		8AFE84CF1A69CF3E00FC8521 /* Debug */ = {
			isa = XCBuildConfiguration;
			buildSettings = {
				BUNDLE_LOADER = "$(TEST_HOST)";
				FRAMEWORK_SEARCH_PATHS = (
					"$(SDKROOT)/Developer/Library/Frameworks",
					"$(inherited)",
				);
				GCC_PREPROCESSOR_DEFINITIONS = (
					"DEBUG=1",
					"$(inherited)",
				);
				INFOPLIST_FILE = VictoriousWeatherTests/Info.plist;
				LD_RUNPATH_SEARCH_PATHS = "$(inherited) @executable_path/Frameworks @loader_path/Frameworks";
				PRODUCT_NAME = "$(TARGET_NAME)";
				TEST_HOST = "$(BUILT_PRODUCTS_DIR)/VictoriousWeather.app/VictoriousWeather";
			};
			name = Debug;
		};
		8AFE84D01A69CF3E00FC8521 /* Release */ = {
			isa = XCBuildConfiguration;
			buildSettings = {
				BUNDLE_LOADER = "$(TEST_HOST)";
				FRAMEWORK_SEARCH_PATHS = (
					"$(SDKROOT)/Developer/Library/Frameworks",
					"$(inherited)",
				);
				INFOPLIST_FILE = VictoriousWeatherTests/Info.plist;
				LD_RUNPATH_SEARCH_PATHS = "$(inherited) @executable_path/Frameworks @loader_path/Frameworks";
				PRODUCT_NAME = "$(TARGET_NAME)";
				TEST_HOST = "$(BUILT_PRODUCTS_DIR)/VictoriousWeather.app/VictoriousWeather";
			};
			name = Release;
		};
/* End XCBuildConfiguration section */

/* Begin XCConfigurationList section */
		8AFE84A01A69CF3D00FC8521 /* Build configuration list for PBXProject "VictoriousWeather" */ = {
			isa = XCConfigurationList;
			buildConfigurations = (
				8AFE84C91A69CF3E00FC8521 /* Debug */,
				8AFE84CA1A69CF3E00FC8521 /* Release */,
			);
			defaultConfigurationIsVisible = 0;
			defaultConfigurationName = Release;
		};
		8AFE84CB1A69CF3E00FC8521 /* Build configuration list for PBXNativeTarget "VictoriousWeather" */ = {
			isa = XCConfigurationList;
			buildConfigurations = (
				8AFE84CC1A69CF3E00FC8521 /* Debug */,
				8AFE84CD1A69CF3E00FC8521 /* Release */,
			);
			defaultConfigurationIsVisible = 0;
			defaultConfigurationName = Release;
		};
		8AFE84CE1A69CF3E00FC8521 /* Build configuration list for PBXNativeTarget "VictoriousWeatherTests" */ = {
			isa = XCConfigurationList;
			buildConfigurations = (
				8AFE84CF1A69CF3E00FC8521 /* Debug */,
				8AFE84D01A69CF3E00FC8521 /* Release */,
			);
			defaultConfigurationIsVisible = 0;
			defaultConfigurationName = Release;
		};
/* End XCConfigurationList section */
	};
	rootObject = 8AFE849D1A69CF3D00FC8521 /* Project object */;
}
